
Microsoft Visual Studio Solution File, Format Version 12.00
# Visual Studio 16
Project("{FAE04EC0-301F-11D3-BF4B-00C04F79EFBC}") = "Assembly-CSharp-firstpass", "Assembly-CSharp-firstpass.csproj", "{FEF101DE-5925-E6E3-1E48-D601877ED377}"
EndProject
Project("{FAE04EC0-301F-11D3-BF4B-00C04F79EFBC}") = "Assembly-CSharp", "Assembly-CSharp.csproj", "{B4EC6DE1-CAAA-6B69-5E6A-7868D901E636}"
EndProject
Global
	GlobalSection(SolutionConfigurationPlatforms) = preSolution
		Debug|Any CPU = Debug|Any CPU
		Release|Any CPU = Release|Any CPU
	EndGlobalSection
	GlobalSection(ProjectConfigurationPlatforms) = postSolution
		{FEF101DE-5925-E6E3-1E48-D601877ED377}.Debug|Any CPU.ActiveCfg = Debug|Any CPU
		{FEF101DE-5925-E6E3-1E48-D601877ED377}.Debug|Any CPU.Build.0 = Debug|Any CPU
		{FEF101DE-5925-E6E3-1E48-D601877ED377}.Release|Any CPU.ActiveCfg = Release|Any CPU
		{FEF101DE-5925-E6E3-1E48-D601877ED377}.Release|Any CPU.Build.0 = Release|Any CPU
		{B4EC6DE1-CAAA-6B69-5E6A-7868D901E636}.Debug|Any CPU.ActiveCfg = Debug|Any CPU
		{B4EC6DE1-CAAA-6B69-5E6A-7868D901E636}.Debug|Any CPU.Build.0 = Debug|Any CPU
		{B4EC6DE1-CAAA-6B69-5E6A-7868D901E636}.Release|Any CPU.ActiveCfg = Release|Any CPU
		{B4EC6DE1-CAAA-6B69-5E6A-7868D901E636}.Release|Any CPU.Build.0 = Release|Any CPU
	EndGlobalSection
	GlobalSection(SolutionProperties) = preSolution
		HideSolutionNode = FALSE
	EndGlobalSection
EndGlobal
